
Microsoft Visual Studio Solution File, Format Version 12.00
# Visual Studio Version 17
VisualStudioVersion = 17.9.34607.119
MinimumVisualStudioVersion = 10.0.40219.1
Project("{FAE04EC0-301F-11D3-BF4B-00C04F79EFBC}") = "FINAL FINAL (unless)", "FINAL FINAL (unless)\FINAL FINAL (unless).csproj", "{E33A09C0-2089-41DD-9D2C-82B1FDA101E9}"
EndProject
Global
	GlobalSection(SolutionConfigurationPlatforms) = preSolution
		Debug|Any CPU = Debug|Any CPU
		Release|Any CPU = Release|Any CPU
	EndGlobalSection
	GlobalSection(ProjectConfigurationPlatforms) = postSolution
		{E33A09C0-2089-41DD-9D2C-82B1FDA101E9}.Debug|Any CPU.ActiveCfg = Debug|Any CPU
		{E33A09C0-2089-41DD-9D2C-82B1FDA101E9}.Debug|Any CPU.Build.0 = Debug|Any CPU
		{E33A09C0-2089-41DD-9D2C-82B1FDA101E9}.Release|Any CPU.ActiveCfg = Release|Any CPU
		{E33A09C0-2089-41DD-9D2C-82B1FDA101E9}.Release|Any CPU.Build.0 = Release|Any CPU
	EndGlobalSection
	GlobalSection(SolutionProperties) = preSolution
		HideSolutionNode = FALSE
	EndGlobalSection
	GlobalSection(ExtensibilityGlobals) = postSolution
		SolutionGuid = {6DF39E8F-07D0-4C29-897B-BA6E47DCC991}
	EndGlobalSection
EndGlobal
